{
  "name": "@mendix/playground",
  "version": "0.0.0",
  "lockfileVersion": 3,
  "requires": true,
  "packages": {
    "": {
      "name": "@mendix/playground",
      "version": "0.0.0",
      "dependencies": {
        "@mantine/charts": "^9.4.1",
        "@mantine/core": "9.4.1",
        "@mantine/hooks": "9.4.1",
        "lucide-react": "^1.23.0",
        "react": "^19.2.7",
        "react-dom": "^19.2.7",
        "recharts": "^3.9.2"
      },
      "devDependencies": {
        "@types/node": "^24.13.2",
        "@types/react": "^19.2.17",
        "@types/react-dom": "^19.2.3",
        "@vitejs/plugin-react": "^6.0.3",
        "postcss": "^8.5.6",
        "postcss-preset-mantine": "^1.18.0",
        "postcss-simple-vars": "^7.0.1",
        "typescript": "~6.0.2",
        "vite": "^8.1.1"
      }
    },
    "../../node_modules/.pnpm/@mantine+charts@9.4.1_@mantine+core@9.4.1_@mantine+hooks@9.4.1_react@19.2.7__@types+rea_609c0fc0566d9624fc3e63318beea538/node_modules/@mantine/charts": {
      "version": "9.4.1",
      "license": "MIT",
      "devDependencies": {
        "@mantine-tests/core": "workspace:*",
        "@mantine/core": "workspace:*",
        "@mantine/hooks": "workspace:*",
        "react": "19.2.7",
        "react-dom": "19.2.7"
      },
      "peerDependencies": {
        "@mantine/core": "9.4.1",
        "@mantine/hooks": "9.4.1",
        "react": "^19.2.0",
        "react-dom": "^19.2.0",
        "recharts": ">=3.2.1"
      }
    },
    "../../node_modules/.pnpm/@mantine+core@9.4.1_@mantine+hooks@9.4.1_react@19.2.7__@types+react@19.2.17_react-dom@19.2.7_react@19.2.7__react@19.2.7/node_modules/@mantine/core": {
      "version": "9.4.1",
      "license": "MIT",
      "dependencies": {
        "@floating-ui/react": "^0.27.19",
        "clsx": "^2.1.1",
        "react-number-format": "^5.4.5",
        "react-remove-scroll": "^2.7.2",
        "type-fest": "^5.7.0"
      },
      "devDependencies": {
        "@mantine-tests/core": "workspace:*",
        "@mantine/hooks": "workspace:*",
        "react": "19.2.7",
        "react-dom": "19.2.7"
      },
      "peerDependencies": {
        "@mantine/hooks": "9.4.1",
        "react": "^19.2.0",
        "react-dom": "^19.2.0"
      }
    },
    "../../node_modules/.pnpm/@mantine+hooks@9.4.1_react@19.2.7/node_modules/@mantine/hooks": {
      "version": "9.4.1",
      "license": "MIT",
      "peerDependencies": {
        "react": "^19.2.0"
      }
    },
    "../../node_modules/.pnpm/@tabler+icons-react@3.44.0_react@19.2.7/node_modules/@tabler/icons-react": {
      "version": "3.44.0",
      "extraneous": true,
      "license": "MIT",
      "dependencies": {
        "@tabler/icons": "3.44.0"
      },
      "devDependencies": {
        "@testing-library/react": "16.3.1",
        "@types/react": "18.3.27",
        "@vitejs/plugin-react": "5.1.2",
        "react": "18.3.1",
        "react-dom": "18.3.1",
        "react-test-renderer": "18.3.1"
      },
      "funding": {
        "type": "github",
        "url": "https://github.com/sponsors/codecalm"
      },
      "peerDependencies": {
        "react": ">= 16"
      }
    },
    "../../node_modules/.pnpm/@types+react-dom@19.2.3_@types+react@19.2.17/node_modules/@types/react-dom": {
      "version": "19.2.3",
      "dev": true,
      "license": "MIT",
      "peerDependencies": {
        "@types/react": "^19.2.0"
      }
    },
    "../../node_modules/.pnpm/@types+react@19.2.17/node_modules/@types/react": {
      "version": "19.2.17",
      "dev": true,
      "license": "MIT",
      "dependencies": {
        "csstype": "^3.2.2"
      }
    },
    "../../node_modules/.pnpm/@vitejs+plugin-react@6.0.3_vite@8.1.3_@types+node@22.16.5_sass@1.89.2_sugarss@5.0.0_pos_71fd56f22500999a146329d93d0d4160/node_modules/@vitejs/plugin-react": {
      "version": "6.0.3",
      "dev": true,
      "license": "MIT",
      "dependencies": {
        "@rolldown/pluginutils": "^1.0.1"
      },
      "devDependencies": {
        "@babel/core": "8.0.0-rc.6",
        "@rolldown/plugin-babel": "^0.2.3",
        "@vitejs/react-common": "workspace:*",
        "babel-plugin-react-compiler": "^1.0.0",
        "react": "^19.2.7",
        "react-dom": "^19.2.7",
        "rolldown": "^1.1.1",
        "tsdown": "^0.22.2",
        "vite": "^8.0.16"
      },
      "engines": {
        "node": "^20.19.0 || >=22.12.0"
      },
      "peerDependencies": {
        "@rolldown/plugin-babel": "^0.1.7 || ^0.2.0",
        "babel-plugin-react-compiler": "^1.0.0",
        "vite": "^8.0.0"
      },
      "peerDependenciesMeta": {
        "@rolldown/plugin-babel": {
          "optional": true
        },
        "babel-plugin-react-compiler": {
          "optional": true
        }
      }
    },
    "../../node_modules/.pnpm/postcss-preset-mantine@1.18.0_postcss@8.5.6/node_modules/postcss-preset-mantine": {
      "version": "1.18.0",
      "dev": true,
      "license": "MIT",
      "dependencies": {
        "postcss-mixins": "^12.0.0",
        "postcss-nested": "^7.0.2"
      },
      "devDependencies": {
        "@eslint/js": "^9.23.0",
        "@types/fs-extra": "^11",
        "@types/jest": "^29.5.14",
        "@types/node": "^22.13.14",
        "@types/postcss-mixins": "^9.0.6",
        "@types/signale": "^1",
        "eslint": "^9.23.0",
        "fs-extra": "^11.3.0",
        "jest": "^29.7.0",
        "postcss": "^8.5.3",
        "prettier": "^3.5.3",
        "signale": "^1.4.0",
        "simple-git": "^3.27.0",
        "ts-jest": "^29.3.0",
        "tsc": "^2.0.4",
        "tsx": "^4.20.3",
        "typescript": "^5.8.2",
        "typescript-eslint": "^8.28.0",
        "version-next": "^1.0.2",
        "zx": "^8.6.0"
      },
      "peerDependencies": {
        "postcss": ">=8.0.0"
      }
    },
    "../../node_modules/.pnpm/postcss-simple-vars@7.0.1_postcss@8.5.6/node_modules/postcss-simple-vars": {
      "version": "7.0.1",
      "dev": true,
      "license": "MIT",
      "engines": {
        "node": ">=14.0"
      },
      "funding": {
        "type": "opencollective",
        "url": "https://opencollective.com/postcss/"
      },
      "peerDependencies": {
        "postcss": "^8.2.1"
      }
    },
    "../../node_modules/.pnpm/postcss@8.5.6/node_modules/postcss": {
      "version": "8.5.6",
      "dev": true,
      "funding": [
        {
          "type": "opencollective",
          "url": "https://opencollective.com/postcss/"
        },
        {
          "type": "tidelift",
          "url": "https://tidelift.com/funding/github/npm/postcss"
        },
        {
          "type": "github",
          "url": "https://github.com/sponsors/ai"
        }
      ],
      "license": "MIT",
      "dependencies": {
        "nanoid": "^3.3.11",
        "picocolors": "^1.1.1",
        "source-map-js": "^1.2.1"
      },
      "engines": {
        "node": "^10 || ^12 || >=14"
      }
    },
    "../../node_modules/.pnpm/react-dom@19.2.7_react@19.2.7/node_modules/react-dom": {
      "version": "19.2.7",
      "license": "MIT",
      "dependencies": {
        "scheduler": "^0.27.0"
      },
      "peerDependencies": {
        "react": "^19.2.7"
      }
    },
    "../../node_modules/.pnpm/react@19.2.7/node_modules/react": {
      "version": "19.2.7",
      "license": "MIT",
      "engines": {
        "node": ">=0.10.0"
      }
    },
    "../../node_modules/.pnpm/recharts@3.9.2_@types+react@19.2.17_react-dom@19.2.7_react@19.2.7__react-is@19.2.7_react@19.2.7_redux@5.0.1/node_modules/recharts": {
      "version": "3.9.2",
      "license": "MIT",
      "workspaces": [
        "www"
      ],
      "dependencies": {
        "@reduxjs/toolkit": "^1.9.0 || 2.x.x",
        "clsx": "^2.1.1",
        "decimal.js-light": "^2.5.1",
        "es-toolkit": "^1.39.3",
        "eventemitter3": "^5.0.1",
        "immer": "^11.1.8",
        "react-redux": "8.x.x || 9.x.x",
        "reselect": "5.2.0",
        "tiny-invariant": "^1.3.3",
        "use-sync-external-store": "^1.2.2",
        "victory-vendor": "^37.0.2"
      },
      "devDependencies": {
        "@babel/cli": "^7.24.8",
        "@babel/core": "^7.24.9",
        "@babel/preset-env": "^7.29.0",
        "@babel/preset-react": "^7.28.5",
        "@babel/preset-typescript": "^7.28.5",
        "@babel/runtime": "^7.26.10",
        "@chromatic-com/storybook": "^5.2.1",
        "@codecov/bundle-analyzer": "^2.0.1",
        "@eslint-community/eslint-plugin-eslint-comments": "^4.7.2",
        "@eslint/compat": "^2.1.0",
        "@eslint/js": "^9.35.0",
        "@flakiness/playwright": "^1.9.0",
        "@playwright/experimental-ct-react": "1.61.1",
        "@recharts/devtools": "^0.0.14",
        "@reduxjs/toolkit": "^1.9.7",
        "@rollup/plugin-babel": "^7.1.0",
        "@rollup/plugin-commonjs": "^29.0.2",
        "@rollup/plugin-node-resolve": "^16.0.3",
        "@stackblitz/sdk": "^1.11.0",
        "@storybook/addon-a11y": "^10.4.1",
        "@storybook/addon-docs": "^10.4.1",
        "@storybook/addon-links": "^10.4.1",
        "@storybook/addon-onboarding": "^10.4.1",
        "@storybook/addon-vitest": "^10.4.1",
        "@storybook/builder-vite": "^10.4.1",
        "@storybook/icons": "^2.0.2",
        "@storybook/react-vite": "^10.4.1",
        "@stryker-mutator/typescript-checker": "^9.6.1",
        "@stryker-mutator/vitest-runner": "^9.6.1",
        "@testing-library/jest-dom": "^6.4.8",
        "@testing-library/react": "^16.0.0",
        "@testing-library/user-event": "^14.5.2",
        "@types/d3-interpolate": "^3.0.4",
        "@types/d3-shape": "^3.1.6",
        "@types/d3-time-format": "^4.0.3",
        "@types/node": "25.x.x",
        "@types/react": "^18.3.3",
        "@types/react-dom": "^18.3.0",
        "@types/react-is": "^18.3.0",
        "@vitejs/plugin-react": "^4.3.1",
        "@vitest/browser-playwright": "^4.1.7",
        "@vitest/coverage-v8": "^4.1.7",
        "babel-loader": "^9.1.3",
        "babel-plugin-dev-expression": "^0.2.3",
        "babel-plugin-transform-define": "^2.1.4",
        "browserslist": "^4.23.2",
        "bundlewatch": "^0.4.1",
        "chromatic": "^11.5.6",
        "cross-env": "^10.1.0",
        "d3-scale-chromatic": "^3.1.0",
        "d3-time": "^3.1.0",
        "d3-time-format": "^4.1.0",
        "diff": "^9.0.0",
        "eslint": "^9.35.0",
        "eslint-config-airbnb-extended": "^3.1.0",
        "eslint-config-prettier": "^10.1.8",
        "eslint-import-resolver-typescript": "^4.4.4",
        "eslint-plugin-import": "^2.32.0",
        "eslint-plugin-jsdoc": "^63.0.2",
        "eslint-plugin-jsx-a11y": "^6.10.2",
        "eslint-plugin-prettier": "^5.5.4",
        "eslint-plugin-react": "^7.37.5",
        "eslint-plugin-react-hooks": "^7.1.1",
        "eslint-plugin-react-perf": "^3.3.3",
        "eslint-plugin-storybook": "^10.4.1",
        "glob": "^13.0.6",
        "globals": "^16.3.0",
        "husky": "^9.1.1",
        "jsdom": "^29.1.1",
        "lint-staged": "^17.0.7",
        "marked": "^18.0.5",
        "playwright": "1.61.1",
        "prettier": "^3.6.2",
        "react": "^18.3.1",
        "react-dom": "^18.3.1",
        "react-is": "^18.3.1",
        "react-redux": "^8.1.3",
        "rimraf": "^6.0.1",
        "rollup": "^4.40.1",
        "rollup-plugin-esbuild": "^6.2.1",
        "storybook": "^10.4.1",
        "terser": "^5.46.0",
        "terser-webpack-plugin": "^5.3.10",
        "ts-loader": "^9.5.1",
        "ts-morph": "^28.0.0",
        "typescript": "^6.0.3",
        "typescript-eslint": "^8.42.0",
        "update-browserslist-db": "^1.1.0",
        "vitest": "^4.1.7",
        "vitest-axe": "^0.1.0",
        "webpack": "^5.93.0",
        "webpack-bundle-analyzer": "^5.3.0",
        "webpack-cli": "^7.0.3"
      },
      "engines": {
        "node": ">=18"
      },
      "peerDependencies": {
        "react": "^16.8.0 || ^17.0.0 || ^18.0.0 || ^19.0.0",
        "react-dom": "^16.0.0 || ^17.0.0 || ^18.0.0 || ^19.0.0",
        "react-is": "^16.8.0 || ^17.0.0 || ^18.0.0 || ^19.0.0"
      }
    },
    "../../node_modules/.pnpm/typescript@6.0.3/node_modules/typescript": {
      "version": "6.0.3",
      "dev": true,
      "license": "Apache-2.0",
      "bin": {
        "tsc": "bin/tsc",
        "tsserver": "bin/tsserver"
      },
      "devDependencies": {
        "@dprint/formatter": "^0.4.1",
        "@dprint/typescript": "0.93.4",
        "@esfx/canceltoken": "^1.0.0",
        "@eslint/js": "^10.0.1",
        "@octokit/rest": "^22.0.1",
        "@types/chai": "^4.3.20",
        "@types/minimist": "^1.2.5",
        "@types/mocha": "^10.0.10",
        "@types/ms": "^2.1.0",
        "@types/node": "latest",
        "@types/source-map-support": "^0.5.10",
        "@types/which": "^3.0.4",
        "@typescript-eslint/rule-tester": "^8.56.1",
        "@typescript-eslint/type-utils": "^8.56.1",
        "@typescript-eslint/utils": "^8.56.1",
        "azure-devops-node-api": "^15.1.3",
        "c8": "^10.1.3",
        "chai": "^4.5.0",
        "chokidar": "^4.0.3",
        "diff": "^8.0.3",
        "dprint": "^0.49.1",
        "esbuild": "^0.27.3",
        "eslint": "^10.0.2",
        "eslint-plugin-regexp": "^3.0.0",
        "fast-xml-parser": "^5.4.1",
        "glob": "^10.5.0",
        "globals": "^17.4.0",
        "hereby": "^1.12.0",
        "jsonc-parser": "^3.3.1",
        "knip": "^5.85.0",
        "minimist": "^1.2.8",
        "mocha": "^10.8.2",
        "mocha-fivemat-progress-reporter": "^0.1.0",
        "monocart-coverage-reports": "^2.12.9",
        "ms": "^2.1.3",
        "picocolors": "^1.1.1",
        "playwright": "^1.58.2",
        "source-map-support": "^0.5.21",
        "tslib": "^2.8.1",
        "typescript": "^5.9.3",
        "typescript-eslint": "^8.56.1",
        "which": "^3.0.1"
      },
      "engines": {
        "node": ">=14.17"
      }
    },
    "../../node_modules/.pnpm/vite@8.1.3_@types+node@22.16.5_sass@1.89.2_sugarss@5.0.0_postcss@8.5.6__terser@5.43.1_tsx@4.20.3_yaml@2.8.0/node_modules/vite": {
      "version": "8.1.3",
      "dev": true,
      "license": "MIT",
      "dependencies": {
        "lightningcss": "^1.32.0",
        "picomatch": "^4.0.4",
        "postcss": "^8.5.16",
        "rolldown": "~1.1.3",
        "tinyglobby": "^0.2.17"
      },
      "bin": {
        "vite": "bin/vite.js"
      },
      "devDependencies": {
        "@babel/parser": "^7.29.7",
        "@jridgewell/remapping": "^2.3.5",
        "@jridgewell/trace-mapping": "^0.3.31",
        "@polka/compression": "^1.0.0-next.25",
        "@rollup/plugin-alias": "^6.0.0",
        "@rollup/plugin-dynamic-import-vars": "2.1.4",
        "@rollup/pluginutils": "^5.4.0",
        "@types/escape-html": "^1.0.4",
        "@types/pnpapi": "^0.0.5",
        "@vercel/detect-agent": "^1.2.3",
        "@vitejs/devtools": "^0.3.3",
        "@vitest/utils": "4.1.9",
        "@voidzero-dev/vite-task-client": "^0.2.0",
        "artichokie": "^0.4.4",
        "baseline-browser-mapping": "^2.10.40",
        "cac": "^7.0.0",
        "chokidar": "^3.6.0",
        "connect": "^3.7.0",
        "convert-source-map": "^2.0.0",
        "cors": "^2.8.6",
        "cross-spawn": "^7.0.6",
        "dotenv-expand": "^13.0.0",
        "es-module-lexer": "^2.3.0",
        "esbuild": "^0.28.1",
        "escape-html": "^1.0.3",
        "estree-walker": "^3.0.3",
        "etag": "^1.8.1",
        "fresh-import": "^0.2.1",
        "host-validation-middleware": "^0.1.4",
        "http-proxy-3": "^1.23.3",
        "launch-editor-middleware": "^2.14.1",
        "magic-string": "^0.30.21",
        "mlly": "^1.8.2",
        "mrmime": "^2.0.1",
        "nanoid": "^5.1.16",
        "obug": "^1.0.2",
        "open": "^10.2.0",
        "parse5": "^8.0.1",
        "pathe": "^2.0.3",
        "periscopic": "^4.0.3",
        "picocolors": "^1.1.1",
        "postcss-import": "^16.1.1",
        "postcss-load-config": "^6.0.1",
        "postcss-modules": "^6.0.1",
        "premove": "^4.0.0",
        "resolve.exports": "^2.0.3",
        "rolldown-plugin-dts": "^0.26.0",
        "rollup": "^4.59.0",
        "rollup-plugin-license": "^3.7.1",
        "sass": "^1.101.0",
        "sass-embedded": "^1.100.0",
        "sirv": "^3.0.2",
        "strip-literal": "^3.1.0",
        "terser": "^5.48.0",
        "ufo": "^1.6.4",
        "ws": "^8.21.0"
      },
      "engines": {
        "node": "^20.19.0 || >=22.12.0"
      },
      "funding": {
        "url": "https://github.com/vitejs/vite?sponsor=1"
      },
      "optionalDependencies": {
        "fsevents": "~2.3.3"
      },
      "peerDependencies": {
        "@types/node": "^20.19.0 || >=22.12.0",
        "@vitejs/devtools": "^0.3.0",
        "esbuild": "^0.27.0 || ^0.28.0",
        "jiti": ">=1.21.0",
        "less": "^4.0.0",
        "sass": "^1.70.0",
        "sass-embedded": "^1.70.0",
        "stylus": ">=0.54.8",
        "sugarss": "^5.0.0",
        "terser": "^5.16.0",
        "tsx": "^4.8.1",
        "yaml": "^2.4.2"
      },
      "peerDependenciesMeta": {
        "@types/node": {
          "optional": true
        },
        "@vitejs/devtools": {
          "optional": true
        },
        "esbuild": {
          "optional": true
        },
        "jiti": {
          "optional": true
        },
        "less": {
          "optional": true
        },
        "sass": {
          "optional": true
        },
        "sass-embedded": {
          "optional": true
        },
        "stylus": {
          "optional": true
        },
        "sugarss": {
          "optional": true
        },
        "terser": {
          "optional": true
        },
        "tsx": {
          "optional": true
        },
        "yaml": {
          "optional": true
        }
      }
    },
    "node_modules/@mantine/charts": {
      "resolved": "../../node_modules/.pnpm/@mantine+charts@9.4.1_@mantine+core@9.4.1_@mantine+hooks@9.4.1_react@19.2.7__@types+rea_609c0fc0566d9624fc3e63318beea538/node_modules/@mantine/charts",
      "link": true
    },
    "node_modules/@mantine/core": {
      "resolved": "../../node_modules/.pnpm/@mantine+core@9.4.1_@mantine+hooks@9.4.1_react@19.2.7__@types+react@19.2.17_react-dom@19.2.7_react@19.2.7__react@19.2.7/node_modules/@mantine/core",
      "link": true
    },
    "node_modules/@mantine/hooks": {
      "resolved": "../../node_modules/.pnpm/@mantine+hooks@9.4.1_react@19.2.7/node_modules/@mantine/hooks",
      "link": true
    },
    "node_modules/@types/node": {
      "version": "24.13.2",
      "resolved": "https://registry.npmjs.org/@types/node/-/node-24.13.2.tgz",
      "integrity": "sha512-fRa09kZTgu8o71KFcDjUFuc7F+dEbZYZmkI0mg5YBTRs0yMKjYHsq/c0urDKeDb+D5qVgXOdFcuu+DZPKOITwA==",
      "dev": true,
      "license": "MIT",
      "dependencies": {
        "undici-types": "~7.18.0"
      }
    },
    "node_modules/@types/react": {
      "resolved": "../../node_modules/.pnpm/@types+react@19.2.17/node_modules/@types/react",
      "link": true
    },
    "node_modules/@types/react-dom": {
      "resolved": "../../node_modules/.pnpm/@types+react-dom@19.2.3_@types+react@19.2.17/node_modules/@types/react-dom",
      "link": true
    },
    "node_modules/@vitejs/plugin-react": {
      "resolved": "../../node_modules/.pnpm/@vitejs+plugin-react@6.0.3_vite@8.1.3_@types+node@22.16.5_sass@1.89.2_sugarss@5.0.0_pos_71fd56f22500999a146329d93d0d4160/node_modules/@vitejs/plugin-react",
      "link": true
    },
    "node_modules/lucide-react": {
      "version": "1.23.0",
      "resolved": "https://registry.npmjs.org/lucide-react/-/lucide-react-1.23.0.tgz",
      "integrity": "sha512-38BpJcD0JhFosxHApP/BYsBetLpQFRoTRzEzstM/XCc3jsAG7wqaY1lgVwxiUe3xqYE+lNxo2PkCmYwXWrwwIw==",
      "license": "ISC",
      "peerDependencies": {
        "react": "^16.5.1 || ^17.0.0 || ^18.0.0 || ^19.0.0"
      }
    },
    "node_modules/postcss": {
      "resolved": "../../node_modules/.pnpm/postcss@8.5.6/node_modules/postcss",
      "link": true
    },
    "node_modules/postcss-preset-mantine": {
      "resolved": "../../node_modules/.pnpm/postcss-preset-mantine@1.18.0_postcss@8.5.6/node_modules/postcss-preset-mantine",
      "link": true
    },
    "node_modules/postcss-simple-vars": {
      "resolved": "../../node_modules/.pnpm/postcss-simple-vars@7.0.1_postcss@8.5.6/node_modules/postcss-simple-vars",
      "link": true
    },
    "node_modules/react": {
      "resolved": "../../node_modules/.pnpm/react@19.2.7/node_modules/react",
      "link": true
    },
    "node_modules/react-dom": {
      "resolved": "../../node_modules/.pnpm/react-dom@19.2.7_react@19.2.7/node_modules/react-dom",
      "link": true
    },
    "node_modules/recharts": {
      "resolved": "../../node_modules/.pnpm/recharts@3.9.2_@types+react@19.2.17_react-dom@19.2.7_react@19.2.7__react-is@19.2.7_react@19.2.7_redux@5.0.1/node_modules/recharts",
      "link": true
    },
    "node_modules/typescript": {
      "resolved": "../../node_modules/.pnpm/typescript@6.0.3/node_modules/typescript",
      "link": true
    },
    "node_modules/undici-types": {
      "version": "7.18.2",
      "resolved": "https://registry.npmjs.org/undici-types/-/undici-types-7.18.2.tgz",
      "integrity": "sha512-AsuCzffGHJybSaRrmr5eHr81mwJU3kjw6M+uprWvCXiNeN9SOGwQ3Jn8jb8m3Z6izVgknn1R0FTCEAP2QrLY/w==",
      "dev": true,
      "license": "MIT"
    },
    "node_modules/vite": {
      "resolved": "../../node_modules/.pnpm/vite@8.1.3_@types+node@22.16.5_sass@1.89.2_sugarss@5.0.0_postcss@8.5.6__terser@5.43.1_tsx@4.20.3_yaml@2.8.0/node_modules/vite",
      "link": true
    }
  }
}
